// !$*UTF8*$!
{
	archiveVersion = 1;
	classes = {
	};
	objectVersion = 46;
	objects = {

/* Begin PBXBuildFile section */
		353F6AFB768A86C63633E007 /* Pods_Project.framework in Frameworks */ = {isa = PBXBuildFile; fileRef = BCC04B3DC31F0C667E74004E /* Pods_Project.framework */; };
		C66933521E37E0D5006CB802 /* GoogleService-Info.plist in Resources */ = {isa = PBXBuildFile; fileRef = C66933511E37E0D5006CB802 /* GoogleService-Info.plist */; };
		C66933531E37E0D5006CB802 /* GoogleService-Info.plist in Resources */ = {isa = PBXBuildFile; fileRef = C66933511E37E0D5006CB802 /* GoogleService-Info.plist */; };
		C696CE5F1E2FFDAD003C3660 /* AppDelegate.swift in Sources */ = {isa = PBXBuildFile; fileRef = C696CE5E1E2FFDAD003C3660 /* AppDelegate.swift */; };
		C696CE611E2FFDAD003C3660 /* TodayView.swift in Sources */ = {isa = PBXBuildFile; fileRef = C696CE601E2FFDAD003C3660 /* TodayView.swift */; };
		C696CE641E2FFDAD003C3660 /* Main.storyboard in Resources */ = {isa = PBXBuildFile; fileRef = C696CE621E2FFDAD003C3660 /* Main.storyboard */; };
		C696CE661E2FFDAD003C3660 /* Assets.xcassets in Resources */ = {isa = PBXBuildFile; fileRef = C696CE651E2FFDAD003C3660 /* Assets.xcassets */; };
		C696CE691E2FFDAD003C3660 /* LaunchScreen.storyboard in Resources */ = {isa = PBXBuildFile; fileRef = C696CE671E2FFDAD003C3660 /* LaunchScreen.storyboard */; };
		C696CE741E2FFDAE003C3660 /* ProjectTests.swift in Sources */ = {isa = PBXBuildFile; fileRef = C696CE731E2FFDAE003C3660 /* ProjectTests.swift */; };
		C696CE831E300AE7003C3660 /* FirstTableViewController.swift in Sources */ = {isa = PBXBuildFile; fileRef = C696CE7E1E300AE7003C3660 /* FirstTableViewController.swift */; };
		C696CE841E300AE7003C3660 /* SecondTable.swift in Sources */ = {isa = PBXBuildFile; fileRef = C696CE7F1E300AE7003C3660 /* SecondTable.swift */; };
		C696CE851E300AE7003C3660 /* SecondTableViewController.swift in Sources */ = {isa = PBXBuildFile; fileRef = C696CE801E300AE7003C3660 /* SecondTableViewController.swift */; };
		C696CE861E300AE7003C3660 /* ThirdView.swift in Sources */ = {isa = PBXBuildFile; fileRef = C696CE811E300AE7003C3660 /* ThirdView.swift */; };
		C696CE871E300AE7003C3660 /* ViewController.swift in Sources */ = {isa = PBXBuildFile; fileRef = C696CE821E300AE7003C3660 /* ViewController.swift */; };
		C6DCF2CA1E3159E00008A3A8 /* Menu.png in Resources */ = {isa = PBXBuildFile; fileRef = C6DCF2C91E3159E00008A3A8 /* Menu.png */; };
/* End PBXBuildFile section */

/* Begin PBXContainerItemProxy section */
		C696CE701E2FFDAE003C3660 /* PBXContainerItemProxy */ = {
			isa = PBXContainerItemProxy;
			containerPortal = C696CE531E2FFDAD003C3660 /* Project object */;
			proxyType = 1;
			remoteGlobalIDString = C696CE5A1E2FFDAD003C3660;
			remoteInfo = Project;
		};
/* End PBXContainerItemProxy section */

/* Begin PBXFileReference section */
		BCC04B3DC31F0C667E74004E /* Pods_Project.framework */ = {isa = PBXFileReference; explicitFileType = wrapper.framework; includeInIndex = 0; path = Pods_Project.framework; sourceTree = BUILT_PRODUCTS_DIR; };
		C66933511E37E0D5006CB802 /* GoogleService-Info.plist */ = {isa = PBXFileReference; fileEncoding = 4; lastKnownFileType = text.plist.xml; path = "GoogleService-Info.plist"; sourceTree = "<group>"; };
		C696CE5B1E2FFDAD003C3660 /* Project.app */ = {isa = PBXFileReference; explicitFileType = wrapper.application; includeInIndex = 0; path = Project.app; sourceTree = BUILT_PRODUCTS_DIR; };
		C696CE5E1E2FFDAD003C3660 /* AppDelegate.swift */ = {isa = PBXFileReference; lastKnownFileType = sourcecode.swift; path = AppDelegate.swift; sourceTree = "<group>"; };
		C696CE601E2FFDAD003C3660 /* TodayView.swift */ = {isa = PBXFileReference; lastKnownFileType = sourcecode.swift; path = TodayView.swift; sourceTree = "<group>"; };
		C696CE631E2FFDAD003C3660 /* Base */ = {isa = PBXFileReference; lastKnownFileType = file.storyboard; name = Base; path = Base.lproj/Main.storyboard; sourceTree = "<group>"; };
		C696CE651E2FFDAD003C3660 /* Assets.xcassets */ = {isa = PBXFileReference; lastKnownFileType = folder.assetcatalog; path = Assets.xcassets; sourceTree = "<group>"; };
		C696CE681E2FFDAD003C3660 /* Base */ = {isa = PBXFileReference; lastKnownFileType = file.storyboard; name = Base; path = Base.lproj/LaunchScreen.storyboard; sourceTree = "<group>"; };
		C696CE6A1E2FFDAD003C3660 /* Info.plist */ = {isa = PBXFileReference; lastKnownFileType = text.plist.xml; path = Info.plist; sourceTree = "<group>"; };
		C696CE6F1E2FFDAE003C3660 /* ProjectTests.xctest */ = {isa = PBXFileReference; explicitFileType = wrapper.cfbundle; includeInIndex = 0; path = ProjectTests.xctest; sourceTree = BUILT_PRODUCTS_DIR; };
		C696CE731E2FFDAE003C3660 /* ProjectTests.swift */ = {isa = PBXFileReference; lastKnownFileType = sourcecode.swift; path = ProjectTests.swift; sourceTree = "<group>"; };
		C696CE751E2FFDAE003C3660 /* Info.plist */ = {isa = PBXFileReference; lastKnownFileType = text.plist.xml; path = Info.plist; sourceTree = "<group>"; };
		C696CE7E1E300AE7003C3660 /* FirstTableViewController.swift */ = {isa = PBXFileReference; fileEncoding = 4; lastKnownFileType = sourcecode.swift; path = FirstTableViewController.swift; sourceTree = "<group>"; };
		C696CE7F1E300AE7003C3660 /* SecondTable.swift */ = {isa = PBXFileReference; fileEncoding = 4; lastKnownFileType = sourcecode.swift; path = SecondTable.swift; sourceTree = "<group>"; };
		C696CE801E300AE7003C3660 /* SecondTableViewController.swift */ = {isa = PBXFileReference; fileEncoding = 4; lastKnownFileType = sourcecode.swift; path = SecondTableViewController.swift; sourceTree = "<group>"; };
		C696CE811E300AE7003C3660 /* ThirdView.swift */ = {isa = PBXFileReference; fileEncoding = 4; lastKnownFileType = sourcecode.swift; path = ThirdView.swift; sourceTree = "<group>"; };
		C696CE821E300AE7003C3660 /* ViewController.swift */ = {isa = PBXFileReference; fileEncoding = 4; lastKnownFileType = sourcecode.swift; path = ViewController.swift; sourceTree = "<group>"; };
		C6DCF2C91E3159E00008A3A8 /* Menu.png */ = {isa = PBXFileReference; lastKnownFileType = image.png; path = Menu.png; sourceTree = "<group>"; };
		DBC382411B940DAE3454567E /* Pods-Project.debug.xcconfig */ = {isa = PBXFileReference; includeInIndex = 1; lastKnownFileType = text.xcconfig; name = "Pods-Project.debug.xcconfig"; path = "Pods/Target Support Files/Pods-Project/Pods-Project.debug.xcconfig"; sourceTree = "<group>"; };
		E668E3E99E50F3ACB44A4E8A /* Pods-Project.release.xcconfig */ = {isa = PBXFileReference; includeInIndex = 1; lastKnownFileType = text.xcconfig; name = "Pods-Project.release.xcconfig"; path = "Pods/Target Support Files/Pods-Project/Pods-Project.release.xcconfig"; sourceTree = "<group>"; };
		FB3DAEB02D738A40CAF6662B /* Pods_ProjectTests.framework */ = {isa = PBXFileReference; explicitFileType = wrapper.framework; includeInIndex = 0; path = Pods_ProjectTests.framework; sourceTree = BUILT_PRODUCTS_DIR; };
/* End PBXFileReference section */

/* Begin PBXFrameworksBuildPhase section */
		C696CE581E2FFDAD003C3660 /* Frameworks */ = {
			isa = PBXFrameworksBuildPhase;
			buildActionMask = 2147483647;
			files = (
				353F6AFB768A86C63633E007 /* Pods_Project.framework in Frameworks */,
			);
			runOnlyForDeploymentPostprocessing = 0;
		};
		C696CE6C1E2FFDAE003C3660 /* Frameworks */ = {
			isa = PBXFrameworksBuildPhase;
			buildActionMask = 2147483647;
			files = (
			);
			runOnlyForDeploymentPostprocessing = 0;
		};
/* End PBXFrameworksBuildPhase section */

/* Begin PBXGroup section */
		5F53011C8C0FBEF4B12B357C /* Frameworks */ = {
			isa = PBXGroup;
			children = (
				BCC04B3DC31F0C667E74004E /* Pods_Project.framework */,
				FB3DAEB02D738A40CAF6662B /* Pods_ProjectTests.framework */,
			);
			name = Frameworks;
			sourceTree = "<group>";
		};
		873311390DCE684FD4A2BACF /* Pods */ = {
			isa = PBXGroup;
			children = (
				DBC382411B940DAE3454567E /* Pods-Project.debug.xcconfig */,
				E668E3E99E50F3ACB44A4E8A /* Pods-Project.release.xcconfig */,
			);
			name = Pods;
			sourceTree = "<group>";
		};
		C696CE521E2FFDAD003C3660 = {
			isa = PBXGroup;
			children = (
				C696CE5D1E2FFDAD003C3660 /* Project */,
				C696CE721E2FFDAE003C3660 /* ProjectTests */,
				C696CE5C1E2FFDAD003C3660 /* Products */,
				873311390DCE684FD4A2BACF /* Pods */,
				5F53011C8C0FBEF4B12B357C /* Frameworks */,
			);
			sourceTree = "<group>";
		};
		C696CE5C1E2FFDAD003C3660 /* Products */ = {
			isa = PBXGroup;
			children = (
				C696CE5B1E2FFDAD003C3660 /* Project.app */,
				C696CE6F1E2FFDAE003C3660 /* ProjectTests.xctest */,
			);
			name = Products;
			sourceTree = "<group>";
		};
		C696CE5D1E2FFDAD003C3660 /* Project */ = {
			isa = PBXGroup;
			children = (
				C696CE5E1E2FFDAD003C3660 /* AppDelegate.swift */,
				C696CE601E2FFDAD003C3660 /* TodayView.swift */,
				C696CE621E2FFDAD003C3660 /* Main.storyboard */,
				C696CE7E1E300AE7003C3660 /* FirstTableViewController.swift */,
				C696CE7F1E300AE7003C3660 /* SecondTable.swift */,
				C696CE801E300AE7003C3660 /* SecondTableViewController.swift */,
				C696CE811E300AE7003C3660 /* ThirdView.swift */,
				C6DCF2C91E3159E00008A3A8 /* Menu.png */,
				C696CE821E300AE7003C3660 /* ViewController.swift */,
				C696CE651E2FFDAD003C3660 /* Assets.xcassets */,
				C696CE671E2FFDAD003C3660 /* LaunchScreen.storyboard */,
				C696CE6A1E2FFDAD003C3660 /* Info.plist */,
				C66933511E37E0D5006CB802 /* GoogleService-Info.plist */,
			);
			path = Project;
			sourceTree = "<group>";
		};
		C696CE721E2FFDAE003C3660 /* ProjectTests */ = {
			isa = PBXGroup;
			children = (
				C696CE731E2FFDAE003C3660 /* ProjectTests.swift */,
				C696CE751E2FFDAE003C3660 /* Info.plist */,
			);
			path = ProjectTests;
			sourceTree = "<group>";
		};
/* End PBXGroup section */

/* Begin PBXNativeTarget section */
		C696CE5A1E2FFDAD003C3660 /* Project */ = {
			isa = PBXNativeTarget;
			buildConfigurationList = C696CE781E2FFDAE003C3660 /* Build configuration list for PBXNativeTarget "Project" */;
			buildPhases = (
				FCF1901364E0A749A04ECEE9 /* [CP] Check Pods Manifest.lock */,
				C696CE571E2FFDAD003C3660 /* Sources */,
				C696CE581E2FFDAD003C3660 /* Frameworks */,
				C696CE591E2FFDAD003C3660 /* Resources */,
				2C8BC2420F954199F8310EF0 /* [CP] Embed Pods Frameworks */,
				C1F04D417F20F4D2F0B50348 /* [CP] Copy Pods Resources */,
			);
			buildRules = (
			);
			dependencies = (
			);
			name = Project;
			productName = Project;
			productReference = C696CE5B1E2FFDAD003C3660 /* Project.app */;
			productType = "com.apple.product-type.application";
		};
		C696CE6E1E2FFDAE003C3660 /* ProjectTests */ = {
			isa = PBXNativeTarget;
			buildConfigurationList = C696CE7B1E2FFDAE003C3660 /* Build configuration list for PBXNativeTarget "ProjectTests" */;
			buildPhases = (
				C696CE6B1E2FFDAE003C3660 /* Sources */,
				C696CE6C1E2FFDAE003C3660 /* Frameworks */,
				C696CE6D1E2FFDAE003C3660 /* Resources */,
			);
			buildRules = (
			);
			dependencies = (
				C696CE711E2FFDAE003C3660 /* PBXTargetDependency */,
			);
			name = ProjectTests;
			productName = ProjectTests;
			productReference = C696CE6F1E2FFDAE003C3660 /* ProjectTests.xctest */;
			productType = "com.apple.product-type.bundle.unit-test";
		};
/* End PBXNativeTarget section */

/* Begin PBXProject section */
		C696CE531E2FFDAD003C3660 /* Project object */ = {
			isa = PBXProject;
			attributes = {
				LastSwiftUpdateCheck = 0820;
				LastUpgradeCheck = 0820;
				ORGANIZATIONNAME = N00B$;
				TargetAttributes = {
					C696CE5A1E2FFDAD003C3660 = {
						CreatedOnToolsVersion = 8.2.1;
						DevelopmentTeam = 675JYRW7VW;
						ProvisioningStyle = Automatic;
					};
					C696CE6E1E2FFDAE003C3660 = {
						CreatedOnToolsVersion = 8.2.1;
						ProvisioningStyle = Automatic;
						TestTargetID = C696CE5A1E2FFDAD003C3660;
					};
				};
			};
			buildConfigurationList = C696CE561E2FFDAD003C3660 /* Build configuration list for PBXProject "Project" */;
			compatibilityVersion = "Xcode 3.2";
			developmentRegion = English;
			hasScannedForEncodings = 0;
			knownRegions = (
				en,
				Base,
			);
			mainGroup = C696CE521E2FFDAD003C3660;
			productRefGroup = C696CE5C1E2FFDAD003C3660 /* Products */;
			projectDirPath = "";
			projectRoot = "";
			targets = (
				C696CE5A1E2FFDAD003C3660 /* Project */,
				C696CE6E1E2FFDAE003C3660 /* ProjectTests */,
			);
		};
/* End PBXProject section */

/* Begin PBXResourcesBuildPhase section */
		C696CE591E2FFDAD003C3660 /* Resources */ = {
			isa = PBXResourcesBuildPhase;
			buildActionMask = 2147483647;
			files = (
				C6DCF2CA1E3159E00008A3A8 /* Menu.png in Resources */,
				C696CE691E2FFDAD003C3660 /* LaunchScreen.storyboard in Resources */,
				C66933521E37E0D5006CB802 /* GoogleService-Info.plist in Resources */,
				C696CE661E2FFDAD003C3660 /* Assets.xcassets in Resources */,
				C696CE641E2FFDAD003C3660 /* Main.storyboard in Resources */,
			);
			runOnlyForDeploymentPostprocessing = 0;
		};
		C696CE6D1E2FFDAE003C3660 /* Resources */ = {
			isa = PBXResourcesBuildPhase;
			buildActionMask = 2147483647;
			files = (
				C66933531E37E0D5006CB802 /* GoogleService-Info.plist in Resources */,
			);
			runOnlyForDeploymentPostprocessing = 0;
		};
/* End PBXResourcesBuildPhase section */

/* Begin PBXShellScriptBuildPhase section */
		2C8BC2420F954199F8310EF0 /* [CP] Embed Pods Frameworks */ = {
			isa = PBXShellScriptBuildPhase;
			buildActionMask = 2147483647;
			files = (
			);
			inputPaths = (
			);
			name = "[CP] Embed Pods Frameworks";
			outputPaths = (
			);
			runOnlyForDeploymentPostprocessing = 0;
			shellPath = /bin/sh;
			shellScript = "\"${SRCROOT}/Pods/Target Support Files/Pods-Project/Pods-Project-frameworks.sh\"\n";
			showEnvVarsInLog = 0;
		};
		C1F04D417F20F4D2F0B50348 /* [CP] Copy Pods Resources */ = {
			isa = PBXShellScriptBuildPhase;
			buildActionMask = 2147483647;
			files = (
			);
			inputPaths = (
			);
			name = "[CP] Copy Pods Resources";
			outputPaths = (
			);
			runOnlyForDeploymentPostprocessing = 0;
			shellPath = /bin/sh;
			shellScript = "\"${SRCROOT}/Pods/Target Support Files/Pods-Project/Pods-Project-resources.sh\"\n";
			showEnvVarsInLog = 0;
		};
		FCF1901364E0A749A04ECEE9 /* [CP] Check Pods Manifest.lock */ = {
			isa = PBXShellScriptBuildPhase;
			buildActionMask = 2147483647;
			files = (
			);
			inputPaths = (
			);
			name = "[CP] Check Pods Manifest.lock";
			outputPaths = (
			);
			runOnlyForDeploymentPostprocessing = 0;
			shellPath = /bin/sh;
			shellScript = "diff \"${PODS_ROOT}/../Podfile.lock\" \"${PODS_ROOT}/Manifest.lock\" > /dev/null\nif [ $? != 0 ] ; then\n    # print error to STDERR\n    echo \"error: The sandbox is not in sync with the Podfile.lock. Run 'pod install' or update your CocoaPods installation.\" >&2\n    exit 1\nfi\n";
			showEnvVarsInLog = 0;
		};
/* End PBXShellScriptBuildPhase section */

/* Begin PBXSourcesBuildPhase section */
		C696CE571E2FFDAD003C3660 /* Sources */ = {
			isa = PBXSourcesBuildPhase;
			buildActionMask = 2147483647;
			files = (
				C696CE841E300AE7003C3660 /* SecondTable.swift in Sources */,
				C696CE611E2FFDAD003C3660 /* TodayView.swift in Sources */,
				C696CE851E300AE7003C3660 /* SecondTableViewController.swift in Sources */,
				C696CE5F1E2FFDAD003C3660 /* AppDelegate.swift in Sources */,
				C696CE871E300AE7003C3660 /* ViewController.swift in Sources */,
				C696CE861E300AE7003C3660 /* ThirdView.swift in Sources */,
				C696CE831E300AE7003C3660 /* FirstTableViewController.swift in Sources */,
			);
			runOnlyForDeploymentPostprocessing = 0;
		};
		C696CE6B1E2FFDAE003C3660 /* Sources */ = {
			isa = PBXSourcesBuildPhase;
			buildActionMask = 2147483647;
			files = (
				C696CE741E2FFDAE003C3660 /* ProjectTests.swift in Sources */,
			);
			runOnlyForDeploymentPostprocessing = 0;
		};
/* End PBXSourcesBuildPhase section */

/* Begin PBXTargetDependency section */
		C696CE711E2FFDAE003C3660 /* PBXTargetDependency */ = {
			isa = PBXTargetDependency;
			target = C696CE5A1E2FFDAD003C3660 /* Project */;
			targetProxy = C696CE701E2FFDAE003C3660 /* PBXContainerItemProxy */;
		};
/* End PBXTargetDependency section */

/* Begin PBXVariantGroup section */
		C696CE621E2FFDAD003C3660 /* Main.storyboard */ = {
			isa = PBXVariantGroup;
			children = (
				C696CE631E2FFDAD003C3660 /* Base */,
			);
			name = Main.storyboard;
			sourceTree = "<group>";
		};
		C696CE671E2FFDAD003C3660 /* LaunchScreen.storyboard */ = {
			isa = PBXVariantGroup;
			children = (
				C696CE681E2FFDAD003C3660 /* Base */,
			);
			name = LaunchScreen.storyboard;
			sourceTree = "<group>";
		};
/* End PBXVariantGroup section */

/* Begin XCBuildConfiguration section */
		C696CE761E2FFDAE003C3660 /* Debug */ = {
			isa = XCBuildConfiguration;
			buildSettings = {
				ALWAYS_SEARCH_USER_PATHS = NO;
				CLANG_ANALYZER_NONNULL = YES;
				CLANG_CXX_LANGUAGE_STANDARD = "gnu++0x";
				CLANG_CXX_LIBRARY = "libc++";
				CLANG_ENABLE_MODULES = YES;
				CLANG_ENABLE_OBJC_ARC = YES;
				CLANG_WARN_BOOL_CONVERSION = YES;
				CLANG_WARN_CONSTANT_CONVERSION = YES;
				CLANG_WARN_DIRECT_OBJC_ISA_USAGE = YES_ERROR;
				CLANG_WARN_DOCUMENTATION_COMMENTS = YES;
				CLANG_WARN_EMPTY_BODY = YES;
				CLANG_WARN_ENUM_CONVERSION = YES;
				CLANG_WARN_INFINITE_RECURSION = YES;
				CLANG_WARN_INT_CONVERSION = YES;
				CLANG_WARN_OBJC_ROOT_CLASS = YES_ERROR;
				CLANG_WARN_SUSPICIOUS_MOVE = YES;
				CLANG_WARN_UNREACHABLE_CODE = YES;
				CLANG_WARN__DUPLICATE_METHOD_MATCH = YES;
				"CODE_SIGN_IDENTITY[sdk=iphoneos*]" = "iPhone Developer";
				COPY_PHASE_STRIP = NO;
				DEBUG_INFORMATION_FORMAT = dwarf;
				ENABLE_STRICT_OBJC_MSGSEND = YES;
				ENABLE_TESTABILITY = YES;
				GCC_C_LANGUAGE_STANDARD = gnu99;
				GCC_DYNAMIC_NO_PIC = NO;
				GCC_NO_COMMON_BLOCKS = YES;
				GCC_OPTIMIZATION_LEVEL = 0;
				GCC_PREPROCESSOR_DEFINITIONS = (
					"DEBUG=1",
					"$(inherited)",
				);
				GCC_WARN_64_TO_32_BIT_CONVERSION = YES;
				GCC_WARN_ABOUT_RETURN_TYPE = YES_ERROR;
				GCC_WARN_UNDECLARED_SELECTOR = YES;
				GCC_WARN_UNINITIALIZED_AUTOS = YES_AGGRESSIVE;
				GCC_WARN_UNUSED_FUNCTION = YES;
				GCC_WARN_UNUSED_VARIABLE = YES;
				IPHONEOS_DEPLOYMENT_TARGET = 10.2;
				MTL_ENABLE_DEBUG_INFO = YES;
				ONLY_ACTIVE_ARCH = YES;
				SDKROOT = iphoneos;
				SWIFT_ACTIVE_COMPILATION_CONDITIONS = DEBUG;
				SWIFT_OPTIMIZATION_LEVEL = "-Onone";
			};
			name = Debug;
		};
		C696CE771E2FFDAE003C3660 /* Release */ = {
			isa = XCBuildConfiguration;
			buildSettings = {
				ALWAYS_SEARCH_USER_PATHS = NO;
				CLANG_ANALYZER_NONNULL = YES;
				CLANG_CXX_LANGUAGE_STANDARD = "gnu++0x";
				CLANG_CXX_LIBRARY = "libc++";
				CLANG_ENABLE_MODULES = YES;
				CLANG_ENABLE_OBJC_ARC = YES;
				CLANG_WARN_BOOL_CONVERSION = YES;
				CLANG_WARN_CONSTANT_CONVERSION = YES;
				CLANG_WARN_DIRECT_OBJC_ISA_USAGE = YES_ERROR;
				CLANG_WARN_DOCUMENTATION_COMMENTS = YES;
				CLANG_WARN_EMPTY_BODY = YES;
				CLANG_WARN_ENUM_CONVERSION = YES;
				CLANG_WARN_INFINITE_RECURSION = YES;
				CLANG_WARN_INT_CONVERSION = YES;
				CLANG_WARN_OBJC_ROOT_CLASS = YES_ERROR;
				CLANG_WARN_SUSPICIOUS_MOVE = YES;
				CLANG_WARN_UNREACHABLE_CODE = YES;
				CLANG_WARN__DUPLICATE_METHOD_MATCH = YES;
				"CODE_SIGN_IDENTITY[sdk=iphoneos*]" = "iPhone Developer";
				COPY_PHASE_STRIP = NO;
				DEBUG_INFORMATION_FORMAT = "dwarf-with-dsym";
				ENABLE_NS_ASSERTIONS = NO;
				ENABLE_STRICT_OBJC_MSGSEND = YES;
				GCC_C_LANGUAGE_STANDARD = gnu99;
				GCC_NO_COMMON_BLOCKS = YES;
				GCC_WARN_64_TO_32_BIT_CONVERSION = YES;
				GCC_WARN_ABOUT_RETURN_TYPE = YES_ERROR;
				GCC_WARN_UNDECLARED_SELECTOR = YES;
				GCC_WARN_UNINITIALIZED_AUTOS = YES_AGGRESSIVE;
				GCC_WARN_UNUSED_FUNCTION = YES;
				GCC_WARN_UNUSED_VARIABLE = YES;
				IPHONEOS_DEPLOYMENT_TARGET = 10.2;
				MTL_ENABLE_DEBUG_INFO = NO;
				SDKROOT = iphoneos;
				SWIFT_OPTIMIZATION_LEVEL = "-Owholemodule";
				VALIDATE_PRODUCT = YES;
			};
			name = Release;
		};
		C696CE791E2FFDAE003C3660 /* Debug */ = {
			isa = XCBuildConfiguration;
			baseConfigurationReference = DBC382411B940DAE3454567E /* Pods-Project.debug.xcconfig */;
			buildSettings = {
				ASSETCATALOG_COMPILER_APPICON_NAME = AppIcon;
				DEVELOPMENT_TEAM = 675JYRW7VW;
				INFOPLIST_FILE = Project/Info.plist;
				LD_RUNPATH_SEARCH_PATHS = "$(inherited) @executable_path/Frameworks";
				PRODUCT_BUNDLE_IDENTIFIER = "com.N00B-.Project";
				PRODUCT_NAME = "$(TARGET_NAME)";
				SWIFT_VERSION = 3.0;
			};
			name = Debug;
		};
		C696CE7A1E2FFDAE003C3660 /* Release */ = {
			isa = XCBuildConfiguration;
			baseConfigurationReference = E668E3E99E50F3ACB44A4E8A /* Pods-Project.release.xcconfig */;
			buildSettings = {
				ASSETCATALOG_COMPILER_APPICON_NAME = AppIcon;
				DEVELOPMENT_TEAM = 675JYRW7VW;
				INFOPLIST_FILE = Project/Info.plist;
				LD_RUNPATH_SEARCH_PATHS = "$(inherited) @executable_path/Frameworks";
				PRODUCT_BUNDLE_IDENTIFIER = "com.N00B-.Project";
				PRODUCT_NAME = "$(TARGET_NAME)";
				SWIFT_VERSION = 3.0;
			};
			name = Release;
		};
		C696CE7C1E2FFDAE003C3660 /* Debug */ = {
			isa = XCBuildConfiguration;
			buildSettings = {
				ALWAYS_EMBED_SWIFT_STANDARD_LIBRARIES = YES;
				BUNDLE_LOADER = "$(TEST_HOST)";
				INFOPLIST_FILE = ProjectTests/Info.plist;
				LD_RUNPATH_SEARCH_PATHS = "$(inherited) @executable_path/Frameworks @loader_path/Frameworks";
				PRODUCT_BUNDLE_IDENTIFIER = "com.N00B-.ProjectTests";
				PRODUCT_NAME = "$(TARGET_NAME)";
				SWIFT_VERSION = 3.0;
				TEST_HOST = "$(BUILT_PRODUCTS_DIR)/Project.app/Project";
			};
			name = Debug;
		};
		C696CE7D1E2FFDAE003C3660 /* Release */ = {
			isa = XCBuildConfiguration;
			buildSettings = {
				ALWAYS_EMBED_SWIFT_STANDARD_LIBRARIES = YES;
				BUNDLE_LOADER = "$(TEST_HOST)";
				INFOPLIST_FILE = ProjectTests/Info.plist;
				LD_RUNPATH_SEARCH_PATHS = "$(inherited) @executable_path/Frameworks @loader_path/Frameworks";
				PRODUCT_BUNDLE_IDENTIFIER = "com.N00B-.ProjectTests";
				PRODUCT_NAME = "$(TARGET_NAME)";
				SWIFT_VERSION = 3.0;
				TEST_HOST = "$(BUILT_PRODUCTS_DIR)/Project.app/Project";
			};
			name = Release;
		};
/* End XCBuildConfiguration section */

/* Begin XCConfigurationList section */
		C696CE561E2FFDAD003C3660 /* Build configuration list for PBXProject "Project" */ = {
			isa = XCConfigurationList;
			buildConfigurations = (
				C696CE761E2FFDAE003C3660 /* Debug */,
				C696CE771E2FFDAE003C3660 /* Release */,
			);
			defaultConfigurationIsVisible = 0;
			defaultConfigurationName = Release;
		};
		C696CE781E2FFDAE003C3660 /* Build configuration list for PBXNativeTarget "Project" */ = {
			isa = XCConfigurationList;
			buildConfigurations = (
				C696CE791E2FFDAE003C3660 /* Debug */,
				C696CE7A1E2FFDAE003C3660 /* Release */,
			);
			defaultConfigurationIsVisible = 0;
			defaultConfigurationName = Release;
		};
		C696CE7B1E2FFDAE003C3660 /* Build configuration list for PBXNativeTarget "ProjectTests" */ = {
			isa = XCConfigurationList;
			buildConfigurations = (
				C696CE7C1E2FFDAE003C3660 /* Debug */,
				C696CE7D1E2FFDAE003C3660 /* Release */,
			);
			defaultConfigurationIsVisible = 0;
			defaultConfigurationName = Release;
		};
/* End XCConfigurationList section */
	};
	rootObject = C696CE531E2FFDAD003C3660 /* Project object */;
}
